
Microsoft Visual Studio Solution File, Format Version 12.00
# Visual Studio 15
VisualStudioVersion = 15.0.27004.2006
MinimumVisualStudioVersion = 10.0.40219.1
Project("{FAE04EC0-301F-11D3-BF4B-00C04F79EFBC}") = "SampleDatabase", "SampleDatabase\SampleDatabase.csproj", "{D281EC33-3C38-47F2-B5AC-84FD4F200A88}"
EndProject
Global
	GlobalSection(SolutionConfigurationPlatforms) = preSolution
		Debug|Any CPU = Debug|Any CPU
		Release|Any CPU = Release|Any CPU
	EndGlobalSection
	GlobalSection(ProjectConfigurationPlatforms) = postSolution
		{D281EC33-3C38-47F2-B5AC-84FD4F200A88}.Debug|Any CPU.ActiveCfg = Debug|Any CPU
		{D281EC33-3C38-47F2-B5AC-84FD4F200A88}.Debug|Any CPU.Build.0 = Debug|Any CPU
		{D281EC33-3C38-47F2-B5AC-84FD4F200A88}.Release|Any CPU.ActiveCfg = Release|Any CPU
		{D281EC33-3C38-47F2-B5AC-84FD4F200A88}.Release|Any CPU.Build.0 = Release|Any CPU
	EndGlobalSection
	GlobalSection(SolutionProperties) = preSolution
		HideSolutionNode = FALSE
	EndGlobalSection
	GlobalSection(ExtensibilityGlobals) = postSolution
		SolutionGuid = {004D0422-C7C8-4A09-B7B7-D059EC163D33}
	EndGlobalSection
EndGlobal
