
Microsoft Visual Studio Solution File, Format Version 12.00
# Visual Studio 15
VisualStudioVersion = 15.0.27004.2009
MinimumVisualStudioVersion = 10.0.40219.1
Project("{2150E333-8FDC-42A3-9474-1A3956D46DE8}") = "src", "src", "{7E34F9C0-DD30-4C19-B969-0F8BF43E6DCB}"
EndProject
Project("{2150E333-8FDC-42A3-9474-1A3956D46DE8}") = "tests", "tests", "{925DA57C-2DCF-4EAA-A148-17BC7E60F936}"
EndProject
Project("{FAE04EC0-301F-11D3-BF4B-00C04F79EFBC}") = "RealDatabaseTests", "RealDatabaseTests\RealDatabaseTests.csproj", "{8E32423C-4D5D-49F2-93DF-6E8A99779A6F}"
EndProject
Project("{FAE04EC0-301F-11D3-BF4B-00C04F79EFBC}") = "UnitTests", "UnitTests\UnitTests.csproj", "{F6FA92A4-19EA-4157-8C47-5E9FD271DD69}"
EndProject
Project("{2150E333-8FDC-42A3-9474-1A3956D46DE8}") = "examples", "examples", "{F095269C-49A5-418B-8112-AFE1376AA5A2}"
EndProject
Project("{9A19103F-16F7-4668-BE54-9A1E7A4F7556}") = "AngularExample", "AngularExample\AngularExample.csproj", "{EC4342F0-8A6B-4948-9964-5830E4AB4B0C}"
EndProject
Project("{2150E333-8FDC-42A3-9474-1A3956D46DE8}") = "Solution Items", "Solution Items", "{CEC67E98-E468-4395-A10F-00AF25B310CC}"
	ProjectSection(SolutionItems) = preProject
		README.md = README.md
	EndProjectSection
EndProject
Project("{FAE04EC0-301F-11D3-BF4B-00C04F79EFBC}") = "PagiNET", "PagiNET\PagiNET.csproj", "{B06DE0D1-91BD-4806-9F09-28CF912EE8F0}"
EndProject
Project("{FAE04EC0-301F-11D3-BF4B-00C04F79EFBC}") = "SampleDatabase", "SampleDatabase\SampleDatabase.csproj", "{D281EC33-3C38-47F2-B5AC-84FD4F200A88}"
EndProject
Global
	GlobalSection(SolutionConfigurationPlatforms) = preSolution
		Debug|Any CPU = Debug|Any CPU
		Release|Any CPU = Release|Any CPU
	EndGlobalSection
	GlobalSection(ProjectConfigurationPlatforms) = postSolution
		{8E32423C-4D5D-49F2-93DF-6E8A99779A6F}.Debug|Any CPU.ActiveCfg = Debug|Any CPU
		{8E32423C-4D5D-49F2-93DF-6E8A99779A6F}.Debug|Any CPU.Build.0 = Debug|Any CPU
		{8E32423C-4D5D-49F2-93DF-6E8A99779A6F}.Release|Any CPU.ActiveCfg = Release|Any CPU
		{8E32423C-4D5D-49F2-93DF-6E8A99779A6F}.Release|Any CPU.Build.0 = Release|Any CPU
		{F6FA92A4-19EA-4157-8C47-5E9FD271DD69}.Debug|Any CPU.ActiveCfg = Debug|Any CPU
		{F6FA92A4-19EA-4157-8C47-5E9FD271DD69}.Debug|Any CPU.Build.0 = Debug|Any CPU
		{F6FA92A4-19EA-4157-8C47-5E9FD271DD69}.Release|Any CPU.ActiveCfg = Release|Any CPU
		{F6FA92A4-19EA-4157-8C47-5E9FD271DD69}.Release|Any CPU.Build.0 = Release|Any CPU
		{EC4342F0-8A6B-4948-9964-5830E4AB4B0C}.Debug|Any CPU.ActiveCfg = Debug|Any CPU
		{EC4342F0-8A6B-4948-9964-5830E4AB4B0C}.Debug|Any CPU.Build.0 = Debug|Any CPU
		{EC4342F0-8A6B-4948-9964-5830E4AB4B0C}.Release|Any CPU.ActiveCfg = Release|Any CPU
		{EC4342F0-8A6B-4948-9964-5830E4AB4B0C}.Release|Any CPU.Build.0 = Release|Any CPU
		{B06DE0D1-91BD-4806-9F09-28CF912EE8F0}.Debug|Any CPU.ActiveCfg = Debug|Any CPU
		{B06DE0D1-91BD-4806-9F09-28CF912EE8F0}.Debug|Any CPU.Build.0 = Debug|Any CPU
		{B06DE0D1-91BD-4806-9F09-28CF912EE8F0}.Release|Any CPU.ActiveCfg = Release|Any CPU
		{B06DE0D1-91BD-4806-9F09-28CF912EE8F0}.Release|Any CPU.Build.0 = Release|Any CPU
		{D281EC33-3C38-47F2-B5AC-84FD4F200A88}.Debug|Any CPU.ActiveCfg = Debug|Any CPU
		{D281EC33-3C38-47F2-B5AC-84FD4F200A88}.Debug|Any CPU.Build.0 = Debug|Any CPU
		{D281EC33-3C38-47F2-B5AC-84FD4F200A88}.Release|Any CPU.ActiveCfg = Release|Any CPU
		{D281EC33-3C38-47F2-B5AC-84FD4F200A88}.Release|Any CPU.Build.0 = Release|Any CPU
	EndGlobalSection
	GlobalSection(SolutionProperties) = preSolution
		HideSolutionNode = FALSE
	EndGlobalSection
	GlobalSection(NestedProjects) = preSolution
		{8E32423C-4D5D-49F2-93DF-6E8A99779A6F} = {925DA57C-2DCF-4EAA-A148-17BC7E60F936}
		{F6FA92A4-19EA-4157-8C47-5E9FD271DD69} = {925DA57C-2DCF-4EAA-A148-17BC7E60F936}
		{EC4342F0-8A6B-4948-9964-5830E4AB4B0C} = {F095269C-49A5-418B-8112-AFE1376AA5A2}
		{B06DE0D1-91BD-4806-9F09-28CF912EE8F0} = {7E34F9C0-DD30-4C19-B969-0F8BF43E6DCB}
		{D281EC33-3C38-47F2-B5AC-84FD4F200A88} = {925DA57C-2DCF-4EAA-A148-17BC7E60F936}
	EndGlobalSection
	GlobalSection(ExtensibilityGlobals) = postSolution
		SolutionGuid = {004D0422-C7C8-4A09-B7B7-D059EC163D33}
	EndGlobalSection
EndGlobal
