
Microsoft Visual Studio Solution File, Format Version 12.00
# Visual Studio 15
VisualStudioVersion = 15.0.27004.2010
MinimumVisualStudioVersion = 10.0.40219.1
Project("{2150E333-8FDC-42A3-9474-1A3956D46DE8}") = "src", "src", "{7E34F9C0-DD30-4C19-B969-0F8BF43E6DCB}"
EndProject
Project("{2150E333-8FDC-42A3-9474-1A3956D46DE8}") = "tests", "tests", "{925DA57C-2DCF-4EAA-A148-17BC7E60F936}"
EndProject
Project("{2150E333-8FDC-42A3-9474-1A3956D46DE8}") = "examples", "examples", "{F095269C-49A5-418B-8112-AFE1376AA5A2}"
EndProject
Project("{2150E333-8FDC-42A3-9474-1A3956D46DE8}") = "Solution Items", "Solution Items", "{CEC67E98-E468-4395-A10F-00AF25B310CC}"
	ProjectSection(SolutionItems) = preProject
		README.md = README.md
	EndProjectSection
EndProject
Project("{9A19103F-16F7-4668-BE54-9A1E7A4F7556}") = "AngularExample", "examples\AngularExample\AngularExample.csproj", "{21EDFD84-D0A4-4EB6-A6BD-1C7221A2F231}"
EndProject
Project("{9A19103F-16F7-4668-BE54-9A1E7A4F7556}") = "PagiNET", "src\PagiNET\PagiNET.csproj", "{F0095B62-CE96-4A08-97B1-4F6273BA8969}"
EndProject
Project("{9A19103F-16F7-4668-BE54-9A1E7A4F7556}") = "PagiNET.UnitTests", "tests\PagiNET.UnitTests\PagiNET.UnitTests.csproj", "{3E6F8CA7-25F3-41F0-9712-0DEE36F4BB44}"
EndProject
Project("{9A19103F-16F7-4668-BE54-9A1E7A4F7556}") = "ExampleDbContext", "examples\ExampleDbContext\ExampleDbContext.csproj", "{29C7CBE0-7F86-4471-9A0C-C0D5C15481E5}"
EndProject
Project("{9A19103F-16F7-4668-BE54-9A1E7A4F7556}") = "PagiNET.IntegrationTests.EFCore", "tests\PagiNET.IntegrationTests.EFCore\PagiNET.IntegrationTests.EFCore.csproj", "{229DE5F3-F7BC-4881-8BED-9DA928D26417}"
EndProject
Global
	GlobalSection(SolutionConfigurationPlatforms) = preSolution
		Debug|Any CPU = Debug|Any CPU
		Release|Any CPU = Release|Any CPU
	EndGlobalSection
	GlobalSection(ProjectConfigurationPlatforms) = postSolution
		{21EDFD84-D0A4-4EB6-A6BD-1C7221A2F231}.Debug|Any CPU.ActiveCfg = Debug|Any CPU
		{21EDFD84-D0A4-4EB6-A6BD-1C7221A2F231}.Debug|Any CPU.Build.0 = Debug|Any CPU
		{21EDFD84-D0A4-4EB6-A6BD-1C7221A2F231}.Release|Any CPU.ActiveCfg = Release|Any CPU
		{21EDFD84-D0A4-4EB6-A6BD-1C7221A2F231}.Release|Any CPU.Build.0 = Release|Any CPU
		{F0095B62-CE96-4A08-97B1-4F6273BA8969}.Debug|Any CPU.ActiveCfg = Debug|Any CPU
		{F0095B62-CE96-4A08-97B1-4F6273BA8969}.Debug|Any CPU.Build.0 = Debug|Any CPU
		{F0095B62-CE96-4A08-97B1-4F6273BA8969}.Release|Any CPU.ActiveCfg = Release|Any CPU
		{F0095B62-CE96-4A08-97B1-4F6273BA8969}.Release|Any CPU.Build.0 = Release|Any CPU
		{3E6F8CA7-25F3-41F0-9712-0DEE36F4BB44}.Debug|Any CPU.ActiveCfg = Debug|Any CPU
		{3E6F8CA7-25F3-41F0-9712-0DEE36F4BB44}.Debug|Any CPU.Build.0 = Debug|Any CPU
		{3E6F8CA7-25F3-41F0-9712-0DEE36F4BB44}.Release|Any CPU.ActiveCfg = Release|Any CPU
		{3E6F8CA7-25F3-41F0-9712-0DEE36F4BB44}.Release|Any CPU.Build.0 = Release|Any CPU
		{29C7CBE0-7F86-4471-9A0C-C0D5C15481E5}.Debug|Any CPU.ActiveCfg = Debug|Any CPU
		{29C7CBE0-7F86-4471-9A0C-C0D5C15481E5}.Debug|Any CPU.Build.0 = Debug|Any CPU
		{29C7CBE0-7F86-4471-9A0C-C0D5C15481E5}.Release|Any CPU.ActiveCfg = Release|Any CPU
		{29C7CBE0-7F86-4471-9A0C-C0D5C15481E5}.Release|Any CPU.Build.0 = Release|Any CPU
		{229DE5F3-F7BC-4881-8BED-9DA928D26417}.Debug|Any CPU.ActiveCfg = Debug|Any CPU
		{229DE5F3-F7BC-4881-8BED-9DA928D26417}.Debug|Any CPU.Build.0 = Debug|Any CPU
		{229DE5F3-F7BC-4881-8BED-9DA928D26417}.Release|Any CPU.ActiveCfg = Release|Any CPU
		{229DE5F3-F7BC-4881-8BED-9DA928D26417}.Release|Any CPU.Build.0 = Release|Any CPU
	EndGlobalSection
	GlobalSection(SolutionProperties) = preSolution
		HideSolutionNode = FALSE
	EndGlobalSection
	GlobalSection(NestedProjects) = preSolution
		{21EDFD84-D0A4-4EB6-A6BD-1C7221A2F231} = {F095269C-49A5-418B-8112-AFE1376AA5A2}
		{F0095B62-CE96-4A08-97B1-4F6273BA8969} = {7E34F9C0-DD30-4C19-B969-0F8BF43E6DCB}
		{3E6F8CA7-25F3-41F0-9712-0DEE36F4BB44} = {925DA57C-2DCF-4EAA-A148-17BC7E60F936}
		{29C7CBE0-7F86-4471-9A0C-C0D5C15481E5} = {F095269C-49A5-418B-8112-AFE1376AA5A2}
		{229DE5F3-F7BC-4881-8BED-9DA928D26417} = {925DA57C-2DCF-4EAA-A148-17BC7E60F936}
	EndGlobalSection
	GlobalSection(ExtensibilityGlobals) = postSolution
		SolutionGuid = {004D0422-C7C8-4A09-B7B7-D059EC163D33}
	EndGlobalSection
EndGlobal
